
Microsoft Visual Studio Solution File, Format Version 12.00
# Visual Studio 15
VisualStudioVersion = 15.0.27703.2035
MinimumVisualStudioVersion = 10.0.40219.1
Project("{FAE04EC0-301F-11D3-BF4B-00C04F79EFBC}") = "CarRental", "CarRental\CarRental.csproj", "{48E84C32-7559-476C-BAAE-81A7D792C77F}"
EndProject
Global
	GlobalSection(SolutionConfigurationPlatforms) = preSolution
		Debug|Any CPU = Debug|Any CPU
		Release|Any CPU = Release|Any CPU
	EndGlobalSection
	GlobalSection(ProjectConfigurationPlatforms) = postSolution
		{48E84C32-7559-476C-BAAE-81A7D792C77F}.Debug|Any CPU.ActiveCfg = Debug|Any CPU
		{48E84C32-7559-476C-BAAE-81A7D792C77F}.Debug|Any CPU.Build.0 = Debug|Any CPU
		{48E84C32-7559-476C-BAAE-81A7D792C77F}.Release|Any CPU.ActiveCfg = Release|Any CPU
		{48E84C32-7559-476C-BAAE-81A7D792C77F}.Release|Any CPU.Build.0 = Release|Any CPU
	EndGlobalSection
	GlobalSection(SolutionProperties) = preSolution
		HideSolutionNode = FALSE
	EndGlobalSection
	GlobalSection(ExtensibilityGlobals) = postSolution
		SolutionGuid = {939F9C24-5D0A-4B88-9AD8-128EF008D9D6}
	EndGlobalSection
EndGlobal
